{
  "name": "yourtea",
  "lockfileVersion": 3,
  "requires": true,
  "packages": {
    "": {
      "dependencies": {
        "chalk": "^5.3.0",
        "sum-three-number": "^1.0.0",
        "tasktea": "^1.0.0"
      }
    },
    "node_modules/ansi-regex": {
      "version": "4.1.1",
      "resolved": "https://registry.npmjs.org/ansi-regex/-/ansi-regex-4.1.1.tgz",
      "integrity": "sha512-ILlv4k/3f6vfQ4OoP2AGvirOktlQ98ZEL1k9FaQjxa3L1abBgbuTDAdPOpvbGncC0BTVQrl+OM8xZGK6tWXt7g==",
      "engines": {
        "node": ">=6"
      }
    },
    "node_modules/chalk": {
      "version": "5.3.0",
      "resolved": "https://registry.npmjs.org/chalk/-/chalk-5.3.0.tgz",
      "integrity": "sha512-dLitG79d+GV1Nb/VYcCDFivJeK1hiukt9QjRNVOsUtTy1rR1YJsmpGGTZ3qJos+uw7WmWF4wUwBd9jxjocFC2w==",
      "engines": {
        "node": "^12.17.0 || ^14.13 || >=16.0.0"
      },
      "funding": {
        "url": "https://github.com/chalk/chalk?sponsor=1"
      }
    },
    "node_modules/colors": {
      "version": "1.4.0",
      "resolved": "https://registry.npmjs.org/colors/-/colors-1.4.0.tgz",
      "integrity": "sha512-a+UqTh4kgZg/SlGvfbzDHpgRu7AAQOmmqRHJnxhRZICKFUT91brVhNNt58CMWU9PsBbv3PDCZUHbVxuDiH2mtA==",
      "engines": {
        "node": ">=0.1.90"
      }
    },
    "node_modules/prompt-sync": {
      "version": "4.2.0",
      "resolved": "https://registry.npmjs.org/prompt-sync/-/prompt-sync-4.2.0.tgz",
      "integrity": "sha512-BuEzzc5zptP5LsgV5MZETjDaKSWfchl5U9Luiu8SKp7iZWD5tZalOxvNcZRwv+d2phNFr8xlbxmFNcRKfJOzJw==",
      "dependencies": {
        "strip-ansi": "^5.0.0"
      }
    },
    "node_modules/strip-ansi": {
      "version": "5.2.0",
      "resolved": "https://registry.npmjs.org/strip-ansi/-/strip-ansi-5.2.0.tgz",
      "integrity": "sha512-DuRs1gKbBqsMKIZlrffwlug8MHkcnpjs5VPmL1PAh+mA30U0DTotfDZ0d2UUsXpPmPmMMJ6W773MaA3J+lbiWA==",
      "dependencies": {
        "ansi-regex": "^4.1.0"
      },
      "engines": {
        "node": ">=6"
      }
    },
    "node_modules/sum-three-number": {
      "version": "1.0.0",
      "resolved": "https://registry.npmjs.org/sum-three-number/-/sum-three-number-1.0.0.tgz",
      "integrity": "sha512-qAEXwb8PxUFpHi5o626YPnAidWswmS1xArTPo8wLrWqFscV+9MJuBOUuh1uPtKmXHFletezj+z+Bcm9jm0HyfQ==",
      "dependencies": {
        "colors": "^1.4.0",
        "prompt-sync": "^4.2.0"
      }
    },
    "node_modules/tasktea": {
      "version": "1.0.0",
      "resolved": "https://registry.npmjs.org/tasktea/-/tasktea-1.0.0.tgz",
      "integrity": "sha512-FfxVcV37MpXa7c1ASD34mXnD5WjrJqOI1oCaRumdXuezXLkFHa5wB8fXTR5DMX0WXPJsnbLzq6wyP8aaQNd6xA==",
      "dependencies": {
        "chalk": "^5.3.0",
        "sum-three-number": "^1.0.0",
        "zetachain": "^1.0.0"
      }
    },
    "node_modules/zetachain": {
      "version": "1.0.0",
      "resolved": "https://registry.npmjs.org/zetachain/-/zetachain-1.0.0.tgz",
      "integrity": "sha512-PrhSgxl2QPe2s0yNWXJ8ZC+iydK243nUXMBe9ydvwwxq80yVqzhKywiYn7x0WwauS4fdHOzKGBBalEpXqX1LEQ=="
    }
  }
}
